{
  "contract": "TaskSpecUpstreamLock/v1",
  "donor_baseline": {
    "commit": "f78f077",
    "repository": "converge"
  },
  "mapped_files": {
    "GENERATED-UPSTREAM.md": "60f0f0fe27994ff2a6e84818be667bf19b429b53577e176d792485c737772ad6",
    "references/concepts/effort-gate.md": "969054926d5e7cd31600b7a541247e2d9909ba7da6a454fdae2b67a1dcc79547",
    "references/concepts/signed-off.md": "89b2d88e7620b59d559642d940aecd8a18833fa05e0b314971c8a5ac1c0e9501",
    "references/schemas/agent-contract.schema.json": "eddb1cb1e12587bbce7b6bb640fe3622cd1cb2a8c8a9738ef19c578ee29d9f07",
    "references/schemas/authoring-evidence.schema.json": "2582aa29ee086e3eae3dba44dd81ef24ff394f9b113518d63de8f097edc1dccf",
    "references/schemas/task-handoff.schema.json": "08719b4b81625e6cb892afcd638a09cdb2fed3f13e9d492794d4197cc38693a2",
    "references/schemas/task-plan.schema.json": "176f024f388cffc0d03316fd0058e36ce50f58a27b019854e648532c6823aacc",
    "references/schemas/task-spec-frontmatter.schema.json": "e5817a6db2ff4b31b35a262d5e41852abf2e3436ec0d058038ad45d8524b6914",
    "scripts/_lib.sh": "4edbe94a77af35987af02bfdd14bab984d7812af4997fd25444b12817aa6dc79",
    "scripts/accept-task.sh": "601cac97eb3a230a76fb6d4911f5d28ac5d14e35f517a73100b759f6b7f26074",
    "scripts/archive.sh": "01148050c858f19b2950acdb3014e6a7d6a915734bf4190e8062d3143d562068",
    "scripts/backup-backlog.sh": "295d305495785c9e4422aae6387f66a474871887b6fb25e723758e425424e35b",
    "scripts/batch-generate.sh": "f72ecdc1599fcb2a170deddd12184e46578bdab8d8a94c77565a512a0faa0e1f",
    "scripts/conformance-check.sh": "b2a34f68cc6b297a8bef3691a88cb86a797034013cd907ddd3c3777958165a05",
    "scripts/definition-of-done.sh": "51b278814591f7f8fb6488687cd54e15736ecad59dbefcb1f8afd4b18df93465",
    "scripts/generate-task-spec.sh": "1236d3a5d2ac3d07621e88c098a61b57c14777bd8d47aa80d02e589f2556af8b",
    "scripts/install-hooks.sh": "7e575b6e4baed30ddf0755837e1352bd975bdc80cbee3be2d714d2e6f94d5890",
    "scripts/lint-backlog.sh": "131df0cb0e3c746d6a0d5a984a14ede59317f8af2f429ee1ecabc7987b105e16",
    "scripts/list-ready.sh": "a0e01c5749043c3cd7b43c1d35013ab2c3f9873025432b646ee67b6392a84307",
    "scripts/migrate-legacy-task.sh": "b008504559d646469b067289829757e98429548e066a658fa758ad9c0adf0a88",
    "scripts/query-metrics.sh": "c33c7638eb59fed84568659b40724e842fb0d094e572209ace2e24d531eb1b1b",
    "scripts/rebuild-state.sh": "541232d849a63dfba7442effd19815ec6d3961b9b2d9dda98691a000eff6b8da",
    "scripts/ref-executor.sh": "2543bd65a95ad1ec2cdd616ca8d32bc6f9a3ea402a36991b8ff4f9f1648297f9",
    "scripts/run-task-spec.sh": "0d072d0a5d889a15f8e2b0089ffd42e5b13d707c69f1e34d73e2d568fc1d884e",
    "scripts/safe-to-delegate.sh": "bee8b4a216e6b91b11cb8834fd35f2c04a3c017d47c2c617bffadd3c63cb53d9",
    "scripts/transition-status.sh": "172f2264f475cdc9d80ad41a6e17af32f008e9601378981fa00010135f81f778",
    "scripts/validate-task-spec.sh": "ea8bfc10e25399d9c384e1355e1616e0e84a62f180c0847c2af87d2c1ab402d1",
    "templates/task-spec.md.tpl": "b8ecf3319a48aba2d4d24d4e0571d069eafe04c17c7060fb6f82ec5d1e2bc01c",
    "tests/test-effort-sizing.sh": "61d04d0d7d3cf98c0c23360c8a9e7c0dde90b8135b8223666647fe43ac996548",
    "tests/test-hmac-envelope.sh": "748306127599df68634acbf74d3b72d7fe4bb81b236b1686465793711d2302d4"
  },
  "policy": "Files in mapped_files are generated; Converge-specific wrappers remain editable.",
  "release": "3.6.0",
  "release_tag": "v3.6.0",
  "source_commit": "a411b58e8da114197c2b8243d924cd4ae6018dd9",
  "source_state": "clean_commit",
  "source_tree_digest": "8ba7513a077e6045e81219ba1648b5982a9dc183b725ac9bbdc8f749e1110b10",
  "upstream": "https://github.com/luanmorenommaciel/task-spec"
}
